
Microsoft Visual Studio Solution File, Format Version 10.00
# Visual Studio 2008
Project("{F184B08F-C81C-45F6-A57F-5ABD9991F28F}") = "LINQ_To_XML_15", "LINQ_To_XML_15.vbproj", "{843CA8C7-6D13-4359-9C46-4526C0B06E51}"
EndProject
Global
	GlobalSection(SolutionConfigurationPlatforms) = preSolution
		Debug|Any CPU = Debug|Any CPU
		Release|Any CPU = Release|Any CPU
	EndGlobalSection
	GlobalSection(ProjectConfigurationPlatforms) = postSolution
		{843CA8C7-6D13-4359-9C46-4526C0B06E51}.Debug|Any CPU.ActiveCfg = Debug|Any CPU
		{843CA8C7-6D13-4359-9C46-4526C0B06E51}.Debug|Any CPU.Build.0 = Debug|Any CPU
		{843CA8C7-6D13-4359-9C46-4526C0B06E51}.Release|Any CPU.ActiveCfg = Release|Any CPU
		{843CA8C7-6D13-4359-9C46-4526C0B06E51}.Release|Any CPU.Build.0 = Release|Any CPU
	EndGlobalSection
	GlobalSection(SolutionProperties) = preSolution
		HideSolutionNode = FALSE
	EndGlobalSection
EndGlobal
