
Microsoft Visual Studio Solution File, Format Version 9.00
# Visual Studio 2005
Project("{54435603-DBB4-11D2-8724-00A0C9A8B90C}") = "SetupStyles", "SetupStyles.vdproj", "{C7B09DFC-2AA0-45CC-AAB1-C9511736DFD8}"
EndProject
Project("{FAE04EC0-301F-11D3-BF4B-00C04F79EFBC}") = "Styles", "..\Styles.csproj", "{E4E52EF6-6643-4706-9B72-3D5A76FD999B}"
EndProject
Global
	GlobalSection(SolutionConfigurationPlatforms) = preSolution
		Debug|Any CPU = Debug|Any CPU
		Release|Any CPU = Release|Any CPU
	EndGlobalSection
	GlobalSection(ProjectConfigurationPlatforms) = postSolution
		{C7B09DFC-2AA0-45CC-AAB1-C9511736DFD8}.Debug|Any CPU.ActiveCfg = Debug
		{C7B09DFC-2AA0-45CC-AAB1-C9511736DFD8}.Debug|Any CPU.Build.0 = Debug
		{C7B09DFC-2AA0-45CC-AAB1-C9511736DFD8}.Release|Any CPU.ActiveCfg = Release
		{C7B09DFC-2AA0-45CC-AAB1-C9511736DFD8}.Release|Any CPU.Build.0 = Release
		{E4E52EF6-6643-4706-9B72-3D5A76FD999B}.Debug|Any CPU.ActiveCfg = Debug|Any CPU
		{E4E52EF6-6643-4706-9B72-3D5A76FD999B}.Debug|Any CPU.Build.0 = Debug|Any CPU
		{E4E52EF6-6643-4706-9B72-3D5A76FD999B}.Release|Any CPU.ActiveCfg = Release|Any CPU
		{E4E52EF6-6643-4706-9B72-3D5A76FD999B}.Release|Any CPU.Build.0 = Release|Any CPU
	EndGlobalSection
	GlobalSection(SolutionProperties) = preSolution
		HideSolutionNode = FALSE
	EndGlobalSection
EndGlobal
